// !$*UTF8*$!
{
	archiveVersion = 1;
	classes = {
	};
	objectVersion = 56;
	objects = {

/* Begin PBXBuildFile section */
		2F0C28BD2A1A3B1C00E5C13C /* MainTableViewController.swift in Sources */ = {isa = PBXBuildFile; fileRef = 2F0C28BC2A1A3B1C00E5C13C /* MainTableViewController.swift */; };
		2F6AF4152A14157300E37E29 /* AppDelegate.swift in Sources */ = {isa = PBXBuildFile; fileRef = 2F6AF4142A14157300E37E29 /* AppDelegate.swift */; };
		2F6AF4172A14157300E37E29 /* SceneDelegate.swift in Sources */ = {isa = PBXBuildFile; fileRef = 2F6AF4162A14157300E37E29 /* SceneDelegate.swift */; };
		2F6AF41C2A14157300E37E29 /* Main.storyboard in Resources */ = {isa = PBXBuildFile; fileRef = 2F6AF41A2A14157300E37E29 /* Main.storyboard */; };
		2F6AF41F2A14157300E37E29 /* RecepieApp.xcdatamodeld in Sources */ = {isa = PBXBuildFile; fileRef = 2F6AF41D2A14157300E37E29 /* RecepieApp.xcdatamodeld */; };
		2F6AF4212A14157700E37E29 /* Assets.xcassets in Resources */ = {isa = PBXBuildFile; fileRef = 2F6AF4202A14157700E37E29 /* Assets.xcassets */; };
		2F6AF4242A14157700E37E29 /* LaunchScreen.storyboard in Resources */ = {isa = PBXBuildFile; fileRef = 2F6AF4222A14157700E37E29 /* LaunchScreen.storyboard */; };
		2F6AF4322A14167C00E37E29 /* Recipe.swift in Sources */ = {isa = PBXBuildFile; fileRef = 2F6AF4312A14167C00E37E29 /* Recipe.swift */; };
		2F6AF4352A14172B00E37E29 /* NetworkManager.swift in Sources */ = {isa = PBXBuildFile; fileRef = 2F6AF4342A14172B00E37E29 /* NetworkManager.swift */; };
		2FA4D5752A1A40E3001C4EE7 /* IngridientsViewController.swift in Sources */ = {isa = PBXBuildFile; fileRef = 2FA4D5742A1A40E3001C4EE7 /* IngridientsViewController.swift */; };
		2FA4D5772A1A4516001C4EE7 /* SavedTableViewController.swift in Sources */ = {isa = PBXBuildFile; fileRef = 2FA4D5762A1A4516001C4EE7 /* SavedTableViewController.swift */; };
		2FA4D5802A1A565A001C4EE7 /* SDWebImage in Frameworks */ = {isa = PBXBuildFile; productRef = 2FA4D57F2A1A565A001C4EE7 /* SDWebImage */; };
		2FA4D5822A1A99B5001C4EE7 /* RecipyDetailViewController.swift in Sources */ = {isa = PBXBuildFile; fileRef = 2FA4D5812A1A99B5001C4EE7 /* RecipyDetailViewController.swift */; };
		2FF302662A1D654F00468B8C /* MainRecipeCellTableViewCell.swift in Sources */ = {isa = PBXBuildFile; fileRef = 2FF302652A1D654F00468B8C /* MainRecipeCellTableViewCell.swift */; };
		2FF302682A1DE0CB00468B8C /* WEBViewController.swift in Sources */ = {isa = PBXBuildFile; fileRef = 2FF302672A1DE0CB00468B8C /* WEBViewController.swift */; };
/* End PBXBuildFile section */

/* Begin PBXFileReference section */
		2F0C28BC2A1A3B1C00E5C13C /* MainTableViewController.swift */ = {isa = PBXFileReference; lastKnownFileType = sourcecode.swift; path = MainTableViewController.swift; sourceTree = "<group>"; };
		2F6AF4112A14157300E37E29 /* RecepieApp.app */ = {isa = PBXFileReference; explicitFileType = wrapper.application; includeInIndex = 0; path = RecepieApp.app; sourceTree = BUILT_PRODUCTS_DIR; };
		2F6AF4142A14157300E37E29 /* AppDelegate.swift */ = {isa = PBXFileReference; lastKnownFileType = sourcecode.swift; path = AppDelegate.swift; sourceTree = "<group>"; };
		2F6AF4162A14157300E37E29 /* SceneDelegate.swift */ = {isa = PBXFileReference; lastKnownFileType = sourcecode.swift; path = SceneDelegate.swift; sourceTree = "<group>"; };
		2F6AF41B2A14157300E37E29 /* Base */ = {isa = PBXFileReference; lastKnownFileType = file.storyboard; name = Base; path = Base.lproj/Main.storyboard; sourceTree = "<group>"; };
		2F6AF41E2A14157300E37E29 /* RecepieApp.xcdatamodel */ = {isa = PBXFileReference; lastKnownFileType = wrapper.xcdatamodel; path = RecepieApp.xcdatamodel; sourceTree = "<group>"; };
		2F6AF4202A14157700E37E29 /* Assets.xcassets */ = {isa = PBXFileReference; lastKnownFileType = folder.assetcatalog; path = Assets.xcassets; sourceTree = "<group>"; };
		2F6AF4232A14157700E37E29 /* Base */ = {isa = PBXFileReference; lastKnownFileType = file.storyboard; name = Base; path = Base.lproj/LaunchScreen.storyboard; sourceTree = "<group>"; };
		2F6AF4252A14157700E37E29 /* Info.plist */ = {isa = PBXFileReference; lastKnownFileType = text.plist.xml; path = Info.plist; sourceTree = "<group>"; };
		2F6AF4312A14167C00E37E29 /* Recipe.swift */ = {isa = PBXFileReference; lastKnownFileType = sourcecode.swift; path = Recipe.swift; sourceTree = "<group>"; };
		2F6AF4342A14172B00E37E29 /* NetworkManager.swift */ = {isa = PBXFileReference; lastKnownFileType = sourcecode.swift; path = NetworkManager.swift; sourceTree = "<group>"; };
		2FA4D5742A1A40E3001C4EE7 /* IngridientsViewController.swift */ = {isa = PBXFileReference; lastKnownFileType = sourcecode.swift; path = IngridientsViewController.swift; sourceTree = "<group>"; };
		2FA4D5762A1A4516001C4EE7 /* SavedTableViewController.swift */ = {isa = PBXFileReference; lastKnownFileType = sourcecode.swift; path = SavedTableViewController.swift; sourceTree = "<group>"; };
		2FA4D5812A1A99B5001C4EE7 /* RecipyDetailViewController.swift */ = {isa = PBXFileReference; lastKnownFileType = sourcecode.swift; path = RecipyDetailViewController.swift; sourceTree = "<group>"; };
		2FF302652A1D654F00468B8C /* MainRecipeCellTableViewCell.swift */ = {isa = PBXFileReference; lastKnownFileType = sourcecode.swift; path = MainRecipeCellTableViewCell.swift; sourceTree = "<group>"; };
		2FF302672A1DE0CB00468B8C /* WEBViewController.swift */ = {isa = PBXFileReference; lastKnownFileType = sourcecode.swift; path = WEBViewController.swift; sourceTree = "<group>"; };
/* End PBXFileReference section */

/* Begin PBXFrameworksBuildPhase section */
		2F6AF40E2A14157300E37E29 /* Frameworks */ = {
			isa = PBXFrameworksBuildPhase;
			buildActionMask = 2147483647;
			files = (
				2FA4D5802A1A565A001C4EE7 /* SDWebImage in Frameworks */,
			);
			runOnlyForDeploymentPostprocessing = 0;
		};
/* End PBXFrameworksBuildPhase section */

/* Begin PBXGroup section */
		2F6AF4082A14157300E37E29 = {
			isa = PBXGroup;
			children = (
				2F6AF4132A14157300E37E29 /* RecepieApp */,
				2F6AF4122A14157300E37E29 /* Products */,
			);
			sourceTree = "<group>";
		};
		2F6AF4122A14157300E37E29 /* Products */ = {
			isa = PBXGroup;
			children = (
				2F6AF4112A14157300E37E29 /* RecepieApp.app */,
			);
			name = Products;
			sourceTree = "<group>";
		};
		2F6AF4132A14157300E37E29 /* RecepieApp */ = {
			isa = PBXGroup;
			children = (
				2F6AF4332A14171600E37E29 /* Network */,
				2F6AF42E2A1415A100E37E29 /* Model */,
				2F6AF42B2A14157F00E37E29 /* Delegates */,
				2F6AF42C2A14158B00E37E29 /* Controller */,
				2F6AF42D2A14159800E37E29 /* View */,
				2F6AF4202A14157700E37E29 /* Assets.xcassets */,
				2F6AF4252A14157700E37E29 /* Info.plist */,
				2F6AF41D2A14157300E37E29 /* RecepieApp.xcdatamodeld */,
			);
			path = RecepieApp;
			sourceTree = "<group>";
		};
		2F6AF42B2A14157F00E37E29 /* Delegates */ = {
			isa = PBXGroup;
			children = (
				2F6AF4142A14157300E37E29 /* AppDelegate.swift */,
				2F6AF4162A14157300E37E29 /* SceneDelegate.swift */,
			);
			path = Delegates;
			sourceTree = "<group>";
		};
		2F6AF42C2A14158B00E37E29 /* Controller */ = {
			isa = PBXGroup;
			children = (
				2F0C28BC2A1A3B1C00E5C13C /* MainTableViewController.swift */,
				2FA4D5742A1A40E3001C4EE7 /* IngridientsViewController.swift */,
				2FA4D5762A1A4516001C4EE7 /* SavedTableViewController.swift */,
				2FA4D5812A1A99B5001C4EE7 /* RecipyDetailViewController.swift */,
				2FF302652A1D654F00468B8C /* MainRecipeCellTableViewCell.swift */,
				2FF302672A1DE0CB00468B8C /* WEBViewController.swift */,
			);
			path = Controller;
			sourceTree = "<group>";
		};
		2F6AF42D2A14159800E37E29 /* View */ = {
			isa = PBXGroup;
			children = (
				2F6AF41A2A14157300E37E29 /* Main.storyboard */,
				2F6AF4222A14157700E37E29 /* LaunchScreen.storyboard */,
			);
			path = View;
			sourceTree = "<group>";
		};
		2F6AF42E2A1415A100E37E29 /* Model */ = {
			isa = PBXGroup;
			children = (
				2F6AF4312A14167C00E37E29 /* Recipe.swift */,
			);
			path = Model;
			sourceTree = "<group>";
		};
		2F6AF4332A14171600E37E29 /* Network */ = {
			isa = PBXGroup;
			children = (
				2F6AF4342A14172B00E37E29 /* NetworkManager.swift */,
			);
			path = Network;
			sourceTree = "<group>";
		};
/* End PBXGroup section */

/* Begin PBXNativeTarget section */
		2F6AF4102A14157300E37E29 /* RecepieApp */ = {
			isa = PBXNativeTarget;
			buildConfigurationList = 2F6AF4282A14157700E37E29 /* Build configuration list for PBXNativeTarget "RecepieApp" */;
			buildPhases = (
				2F6AF40D2A14157300E37E29 /* Sources */,
				2F6AF40E2A14157300E37E29 /* Frameworks */,
				2F6AF40F2A14157300E37E29 /* Resources */,
			);
			buildRules = (
			);
			dependencies = (
			);
			name = RecepieApp;
			packageProductDependencies = (
				2FA4D57F2A1A565A001C4EE7 /* SDWebImage */,
			);
			productName = RecepieApp;
			productReference = 2F6AF4112A14157300E37E29 /* RecepieApp.app */;
			productType = "com.apple.product-type.application";
		};
/* End PBXNativeTarget section */

/* Begin PBXProject section */
		2F6AF4092A14157300E37E29 /* Project object */ = {
			isa = PBXProject;
			attributes = {
				BuildIndependentTargetsInParallel = 1;
				LastSwiftUpdateCheck = 1420;
				LastUpgradeCheck = 1420;
				TargetAttributes = {
					2F6AF4102A14157300E37E29 = {
						CreatedOnToolsVersion = 14.2;
					};
				};
			};
			buildConfigurationList = 2F6AF40C2A14157300E37E29 /* Build configuration list for PBXProject "RecepieApp" */;
			compatibilityVersion = "Xcode 14.0";
			developmentRegion = en;
			hasScannedForEncodings = 0;
			knownRegions = (
				en,
				Base,
			);
			mainGroup = 2F6AF4082A14157300E37E29;
			packageReferences = (
				2FA4D57E2A1A565A001C4EE7 /* XCRemoteSwiftPackageReference "SDWebImage" */,
			);
			productRefGroup = 2F6AF4122A14157300E37E29 /* Products */;
			projectDirPath = "";
			projectRoot = "";
			targets = (
				2F6AF4102A14157300E37E29 /* RecepieApp */,
			);
		};
/* End PBXProject section */

/* Begin PBXResourcesBuildPhase section */
		2F6AF40F2A14157300E37E29 /* Resources */ = {
			isa = PBXResourcesBuildPhase;
			buildActionMask = 2147483647;
			files = (
				2F6AF4242A14157700E37E29 /* LaunchScreen.storyboard in Resources */,
				2F6AF4212A14157700E37E29 /* Assets.xcassets in Resources */,
				2F6AF41C2A14157300E37E29 /* Main.storyboard in Resources */,
			);
			runOnlyForDeploymentPostprocessing = 0;
		};
/* End PBXResourcesBuildPhase section */

/* Begin PBXSourcesBuildPhase section */
		2F6AF40D2A14157300E37E29 /* Sources */ = {
			isa = PBXSourcesBuildPhase;
			buildActionMask = 2147483647;
			files = (
				2F6AF4352A14172B00E37E29 /* NetworkManager.swift in Sources */,
				2F6AF41F2A14157300E37E29 /* RecepieApp.xcdatamodeld in Sources */,
				2FA4D5752A1A40E3001C4EE7 /* IngridientsViewController.swift in Sources */,
				2FF302682A1DE0CB00468B8C /* WEBViewController.swift in Sources */,
				2FA4D5772A1A4516001C4EE7 /* SavedTableViewController.swift in Sources */,
				2F6AF4152A14157300E37E29 /* AppDelegate.swift in Sources */,
				2F6AF4172A14157300E37E29 /* SceneDelegate.swift in Sources */,
				2FA4D5822A1A99B5001C4EE7 /* RecipyDetailViewController.swift in Sources */,
				2F0C28BD2A1A3B1C00E5C13C /* MainTableViewController.swift in Sources */,
				2FF302662A1D654F00468B8C /* MainRecipeCellTableViewCell.swift in Sources */,
				2F6AF4322A14167C00E37E29 /* Recipe.swift in Sources */,
			);
			runOnlyForDeploymentPostprocessing = 0;
		};
/* End PBXSourcesBuildPhase section */

/* Begin PBXVariantGroup section */
		2F6AF41A2A14157300E37E29 /* Main.storyboard */ = {
			isa = PBXVariantGroup;
			children = (
				2F6AF41B2A14157300E37E29 /* Base */,
			);
			name = Main.storyboard;
			sourceTree = "<group>";
		};
		2F6AF4222A14157700E37E29 /* LaunchScreen.storyboard */ = {
			isa = PBXVariantGroup;
			children = (
				2F6AF4232A14157700E37E29 /* Base */,
			);
			name = LaunchScreen.storyboard;
			sourceTree = "<group>";
		};
/* End PBXVariantGroup section */

/* Begin XCBuildConfiguration section */
		2F6AF4262A14157700E37E29 /* Debug */ = {
			isa = XCBuildConfiguration;
			buildSettings = {
				ALWAYS_SEARCH_USER_PATHS = NO;
				CLANG_ANALYZER_NONNULL = YES;
				CLANG_ANALYZER_NUMBER_OBJECT_CONVERSION = YES_AGGRESSIVE;
				CLANG_CXX_LANGUAGE_STANDARD = "gnu++20";
				CLANG_ENABLE_MODULES = YES;
				CLANG_ENABLE_OBJC_ARC = YES;
				CLANG_ENABLE_OBJC_WEAK = YES;
				CLANG_WARN_BLOCK_CAPTURE_AUTORELEASING = YES;
				CLANG_WARN_BOOL_CONVERSION = YES;
				CLANG_WARN_COMMA = YES;
				CLANG_WARN_CONSTANT_CONVERSION = YES;
				CLANG_WARN_DEPRECATED_OBJC_IMPLEMENTATIONS = YES;
				CLANG_WARN_DIRECT_OBJC_ISA_USAGE = YES_ERROR;
				CLANG_WARN_DOCUMENTATION_COMMENTS = YES;
				CLANG_WARN_EMPTY_BODY = YES;
				CLANG_WARN_ENUM_CONVERSION = YES;
				CLANG_WARN_INFINITE_RECURSION = YES;
				CLANG_WARN_INT_CONVERSION = YES;
				CLANG_WARN_NON_LITERAL_NULL_CONVERSION = YES;
				CLANG_WARN_OBJC_IMPLICIT_RETAIN_SELF = YES;
				CLANG_WARN_OBJC_LITERAL_CONVERSION = YES;
				CLANG_WARN_OBJC_ROOT_CLASS = YES_ERROR;
				CLANG_WARN_QUOTED_INCLUDE_IN_FRAMEWORK_HEADER = YES;
				CLANG_WARN_RANGE_LOOP_ANALYSIS = YES;
				CLANG_WARN_STRICT_PROTOTYPES = YES;
				CLANG_WARN_SUSPICIOUS_MOVE = YES;
				CLANG_WARN_UNGUARDED_AVAILABILITY = YES_AGGRESSIVE;
				CLANG_WARN_UNREACHABLE_CODE = YES;
				CLANG_WARN__DUPLICATE_METHOD_MATCH = YES;
				COPY_PHASE_STRIP = NO;
				DEBUG_INFORMATION_FORMAT = dwarf;
				ENABLE_STRICT_OBJC_MSGSEND = YES;
				ENABLE_TESTABILITY = YES;
				GCC_C_LANGUAGE_STANDARD = gnu11;
				GCC_DYNAMIC_NO_PIC = NO;
				GCC_NO_COMMON_BLOCKS = YES;
				GCC_OPTIMIZATION_LEVEL = 0;
				GCC_PREPROCESSOR_DEFINITIONS = (
					"DEBUG=1",
					"$(inherited)",
				);
				GCC_WARN_64_TO_32_BIT_CONVERSION = YES;
				GCC_WARN_ABOUT_RETURN_TYPE = YES_ERROR;
				GCC_WARN_UNDECLARED_SELECTOR = YES;
				GCC_WARN_UNINITIALIZED_AUTOS = YES_AGGRESSIVE;
				GCC_WARN_UNUSED_FUNCTION = YES;
				GCC_WARN_UNUSED_VARIABLE = YES;
				IPHONEOS_DEPLOYMENT_TARGET = 16.2;
				MTL_ENABLE_DEBUG_INFO = INCLUDE_SOURCE;
				MTL_FAST_MATH = YES;
				ONLY_ACTIVE_ARCH = YES;
				SDKROOT = iphoneos;
				SWIFT_ACTIVE_COMPILATION_CONDITIONS = DEBUG;
				SWIFT_OPTIMIZATION_LEVEL = "-Onone";
			};
			name = Debug;
		};
		2F6AF4272A14157700E37E29 /* Release */ = {
			isa = XCBuildConfiguration;
			buildSettings = {
				ALWAYS_SEARCH_USER_PATHS = NO;
				CLANG_ANALYZER_NONNULL = YES;
				CLANG_ANALYZER_NUMBER_OBJECT_CONVERSION = YES_AGGRESSIVE;
				CLANG_CXX_LANGUAGE_STANDARD = "gnu++20";
				CLANG_ENABLE_MODULES = YES;
				CLANG_ENABLE_OBJC_ARC = YES;
				CLANG_ENABLE_OBJC_WEAK = YES;
				CLANG_WARN_BLOCK_CAPTURE_AUTORELEASING = YES;
				CLANG_WARN_BOOL_CONVERSION = YES;
				CLANG_WARN_COMMA = YES;
				CLANG_WARN_CONSTANT_CONVERSION = YES;
				CLANG_WARN_DEPRECATED_OBJC_IMPLEMENTATIONS = YES;
				CLANG_WARN_DIRECT_OBJC_ISA_USAGE = YES_ERROR;
				CLANG_WARN_DOCUMENTATION_COMMENTS = YES;
				CLANG_WARN_EMPTY_BODY = YES;
				CLANG_WARN_ENUM_CONVERSION = YES;
				CLANG_WARN_INFINITE_RECURSION = YES;
				CLANG_WARN_INT_CONVERSION = YES;
				CLANG_WARN_NON_LITERAL_NULL_CONVERSION = YES;
				CLANG_WARN_OBJC_IMPLICIT_RETAIN_SELF = YES;
				CLANG_WARN_OBJC_LITERAL_CONVERSION = YES;
				CLANG_WARN_OBJC_ROOT_CLASS = YES_ERROR;
				CLANG_WARN_QUOTED_INCLUDE_IN_FRAMEWORK_HEADER = YES;
				CLANG_WARN_RANGE_LOOP_ANALYSIS = YES;
				CLANG_WARN_STRICT_PROTOTYPES = YES;
				CLANG_WARN_SUSPICIOUS_MOVE = YES;
				CLANG_WARN_UNGUARDED_AVAILABILITY = YES_AGGRESSIVE;
				CLANG_WARN_UNREACHABLE_CODE = YES;
				CLANG_WARN__DUPLICATE_METHOD_MATCH = YES;
				COPY_PHASE_STRIP = NO;
				DEBUG_INFORMATION_FORMAT = "dwarf-with-dsym";
				ENABLE_NS_ASSERTIONS = NO;
				ENABLE_STRICT_OBJC_MSGSEND = YES;
				GCC_C_LANGUAGE_STANDARD = gnu11;
				GCC_NO_COMMON_BLOCKS = YES;
				GCC_WARN_64_TO_32_BIT_CONVERSION = YES;
				GCC_WARN_ABOUT_RETURN_TYPE = YES_ERROR;
				GCC_WARN_UNDECLARED_SELECTOR = YES;
				GCC_WARN_UNINITIALIZED_AUTOS = YES_AGGRESSIVE;
				GCC_WARN_UNUSED_FUNCTION = YES;
				GCC_WARN_UNUSED_VARIABLE = YES;
				IPHONEOS_DEPLOYMENT_TARGET = 16.2;
				MTL_ENABLE_DEBUG_INFO = NO;
				MTL_FAST_MATH = YES;
				SDKROOT = iphoneos;
				SWIFT_COMPILATION_MODE = wholemodule;
				SWIFT_OPTIMIZATION_LEVEL = "-O";
				VALIDATE_PRODUCT = YES;
			};
			name = Release;
		};
		2F6AF4292A14157700E37E29 /* Debug */ = {
			isa = XCBuildConfiguration;
			buildSettings = {
				ASSETCATALOG_COMPILER_APPICON_NAME = AppIcon;
				ASSETCATALOG_COMPILER_GLOBAL_ACCENT_COLOR_NAME = AccentColor;
				CODE_SIGN_STYLE = Automatic;
				CURRENT_PROJECT_VERSION = 1;
				GENERATE_INFOPLIST_FILE = YES;
				INFOPLIST_FILE = RecepieApp/Info.plist;
				INFOPLIST_KEY_UIApplicationSupportsIndirectInputEvents = YES;
				INFOPLIST_KEY_UILaunchStoryboardName = LaunchScreen;
				INFOPLIST_KEY_UIMainStoryboardFile = Main;
				INFOPLIST_KEY_UISupportedInterfaceOrientations_iPad = "UIInterfaceOrientationPortrait UIInterfaceOrientationPortraitUpsideDown UIInterfaceOrientationLandscapeLeft UIInterfaceOrientationLandscapeRight";
				INFOPLIST_KEY_UISupportedInterfaceOrientations_iPhone = "UIInterfaceOrientationPortrait UIInterfaceOrientationLandscapeLeft UIInterfaceOrientationLandscapeRight";
				LD_RUNPATH_SEARCH_PATHS = (
					"$(inherited)",
					"@executable_path/Frameworks",
				);
				MARKETING_VERSION = 1.0;
				PRODUCT_BUNDLE_IDENTIFIER = denisChernov.RecepieApp;
				PRODUCT_NAME = "$(TARGET_NAME)";
				SWIFT_EMIT_LOC_STRINGS = YES;
				SWIFT_VERSION = 5.0;
				TARGETED_DEVICE_FAMILY = "1,2";
			};
			name = Debug;
		};
		2F6AF42A2A14157700E37E29 /* Release */ = {
			isa = XCBuildConfiguration;
			buildSettings = {
				ASSETCATALOG_COMPILER_APPICON_NAME = AppIcon;
				ASSETCATALOG_COMPILER_GLOBAL_ACCENT_COLOR_NAME = AccentColor;
				CODE_SIGN_STYLE = Automatic;
				CURRENT_PROJECT_VERSION = 1;
				GENERATE_INFOPLIST_FILE = YES;
				INFOPLIST_FILE = RecepieApp/Info.plist;
				INFOPLIST_KEY_UIApplicationSupportsIndirectInputEvents = YES;
				INFOPLIST_KEY_UILaunchStoryboardName = LaunchScreen;
				INFOPLIST_KEY_UIMainStoryboardFile = Main;
				INFOPLIST_KEY_UISupportedInterfaceOrientations_iPad = "UIInterfaceOrientationPortrait UIInterfaceOrientationPortraitUpsideDown UIInterfaceOrientationLandscapeLeft UIInterfaceOrientationLandscapeRight";
				INFOPLIST_KEY_UISupportedInterfaceOrientations_iPhone = "UIInterfaceOrientationPortrait UIInterfaceOrientationLandscapeLeft UIInterfaceOrientationLandscapeRight";
				LD_RUNPATH_SEARCH_PATHS = (
					"$(inherited)",
					"@executable_path/Frameworks",
				);
				MARKETING_VERSION = 1.0;
				PRODUCT_BUNDLE_IDENTIFIER = denisChernov.RecepieApp;
				PRODUCT_NAME = "$(TARGET_NAME)";
				SWIFT_EMIT_LOC_STRINGS = YES;
				SWIFT_VERSION = 5.0;
				TARGETED_DEVICE_FAMILY = "1,2";
			};
			name = Release;
		};
/* End XCBuildConfiguration section */

/* Begin XCConfigurationList section */
		2F6AF40C2A14157300E37E29 /* Build configuration list for PBXProject "RecepieApp" */ = {
			isa = XCConfigurationList;
			buildConfigurations = (
				2F6AF4262A14157700E37E29 /* Debug */,
				2F6AF4272A14157700E37E29 /* Release */,
			);
			defaultConfigurationIsVisible = 0;
			defaultConfigurationName = Release;
		};
		2F6AF4282A14157700E37E29 /* Build configuration list for PBXNativeTarget "RecepieApp" */ = {
			isa = XCConfigurationList;
			buildConfigurations = (
				2F6AF4292A14157700E37E29 /* Debug */,
				2F6AF42A2A14157700E37E29 /* Release */,
			);
			defaultConfigurationIsVisible = 0;
			defaultConfigurationName = Release;
		};
/* End XCConfigurationList section */

/* Begin XCRemoteSwiftPackageReference section */
		2FA4D57E2A1A565A001C4EE7 /* XCRemoteSwiftPackageReference "SDWebImage" */ = {
			isa = XCRemoteSwiftPackageReference;
			repositoryURL = "https://github.com/SDWebImage/SDWebImage.git";
			requirement = {
				branch = master;
				kind = branch;
			};
		};
/* End XCRemoteSwiftPackageReference section */

/* Begin XCSwiftPackageProductDependency section */
		2FA4D57F2A1A565A001C4EE7 /* SDWebImage */ = {
			isa = XCSwiftPackageProductDependency;
			package = 2FA4D57E2A1A565A001C4EE7 /* XCRemoteSwiftPackageReference "SDWebImage" */;
			productName = SDWebImage;
		};
/* End XCSwiftPackageProductDependency section */

/* Begin XCVersionGroup section */
		2F6AF41D2A14157300E37E29 /* RecepieApp.xcdatamodeld */ = {
			isa = XCVersionGroup;
			children = (
				2F6AF41E2A14157300E37E29 /* RecepieApp.xcdatamodel */,
			);
			currentVersion = 2F6AF41E2A14157300E37E29 /* RecepieApp.xcdatamodel */;
			path = RecepieApp.xcdatamodeld;
			sourceTree = "<group>";
			versionGroupType = wrapper.xcdatamodel;
		};
/* End XCVersionGroup section */
	};
	rootObject = 2F6AF4092A14157300E37E29 /* Project object */;
}
